// !$*UTF8*$!
{
	archiveVersion = 1;
	classes = {
	};
	objectVersion = 50;
	objects = {

/* Begin PBXBuildFile section */
		B852C96423108B8D00E89583 /* HomeController.swift in Sources */ = {isa = PBXBuildFile; fileRef = B852C96323108B8D00E89583 /* HomeController.swift */; };
		B852C96623108BA300E89583 /* MenuController.swift in Sources */ = {isa = PBXBuildFile; fileRef = B852C96523108BA300E89583 /* MenuController.swift */; };
		B852C96823108C5800E89583 /* ContainerController.swift in Sources */ = {isa = PBXBuildFile; fileRef = B852C96723108C5800E89583 /* ContainerController.swift */; };
		B852C96B2310FFF900E89583 /* Protocols.swift in Sources */ = {isa = PBXBuildFile; fileRef = B852C96A2310FFF900E89583 /* Protocols.swift */; };
		B8B853602311CC670062CF91 /* UIView+Layout.swift in Sources */ = {isa = PBXBuildFile; fileRef = B8B8535F2311CC670062CF91 /* UIView+Layout.swift */; };
		B8B853622311CC6C0062CF91 /* Extensions.swift in Sources */ = {isa = PBXBuildFile; fileRef = B8B853612311CC6C0062CF91 /* Extensions.swift */; };
		B8B853642311CD590062CF91 /* Models.swift in Sources */ = {isa = PBXBuildFile; fileRef = B8B853632311CD590062CF91 /* Models.swift */; };
		B8BD1292225ABDD6009435A5 /* AppDelegate.swift in Sources */ = {isa = PBXBuildFile; fileRef = B8BD1291225ABDD6009435A5 /* AppDelegate.swift */; };
		B8BD1297225ABDD6009435A5 /* Main.storyboard in Resources */ = {isa = PBXBuildFile; fileRef = B8BD1295225ABDD6009435A5 /* Main.storyboard */; };
		B8BD1299225ABDD7009435A5 /* Assets.xcassets in Resources */ = {isa = PBXBuildFile; fileRef = B8BD1298225ABDD7009435A5 /* Assets.xcassets */; };
		B8BD129C225ABDD7009435A5 /* LaunchScreen.storyboard in Resources */ = {isa = PBXBuildFile; fileRef = B8BD129A225ABDD7009435A5 /* LaunchScreen.storyboard */; };
		B8CDFC432325626A000C4103 /* MenuTableViewCell.swift in Sources */ = {isa = PBXBuildFile; fileRef = B8CDFC422325626A000C4103 /* MenuTableViewCell.swift */; };
/* End PBXBuildFile section */

/* Begin PBXFileReference section */
		B852C96323108B8D00E89583 /* HomeController.swift */ = {isa = PBXFileReference; lastKnownFileType = sourcecode.swift; path = HomeController.swift; sourceTree = "<group>"; };
		B852C96523108BA300E89583 /* MenuController.swift */ = {isa = PBXFileReference; lastKnownFileType = sourcecode.swift; path = MenuController.swift; sourceTree = "<group>"; };
		B852C96723108C5800E89583 /* ContainerController.swift */ = {isa = PBXFileReference; lastKnownFileType = sourcecode.swift; path = ContainerController.swift; sourceTree = "<group>"; };
		B852C96A2310FFF900E89583 /* Protocols.swift */ = {isa = PBXFileReference; lastKnownFileType = sourcecode.swift; path = Protocols.swift; sourceTree = "<group>"; };
		B8B8535F2311CC670062CF91 /* UIView+Layout.swift */ = {isa = PBXFileReference; fileEncoding = 4; lastKnownFileType = sourcecode.swift; name = "UIView+Layout.swift"; path = "../../../../AppStoreClone/AppStoreClone/AppStoreClone/Helper/UIView+Layout.swift"; sourceTree = "<group>"; };
		B8B853612311CC6C0062CF91 /* Extensions.swift */ = {isa = PBXFileReference; fileEncoding = 4; lastKnownFileType = sourcecode.swift; name = Extensions.swift; path = ../../../../AppStoreClone/AppStoreClone/AppStoreClone/Helper/Extensions.swift; sourceTree = "<group>"; };
		B8B853632311CD590062CF91 /* Models.swift */ = {isa = PBXFileReference; lastKnownFileType = sourcecode.swift; path = Models.swift; sourceTree = "<group>"; };
		B8BD128E225ABDD6009435A5 /* Twitter.app */ = {isa = PBXFileReference; explicitFileType = wrapper.application; includeInIndex = 0; path = Twitter.app; sourceTree = BUILT_PRODUCTS_DIR; };
		B8BD1291225ABDD6009435A5 /* AppDelegate.swift */ = {isa = PBXFileReference; lastKnownFileType = sourcecode.swift; path = AppDelegate.swift; sourceTree = "<group>"; };
		B8BD1296225ABDD6009435A5 /* Base */ = {isa = PBXFileReference; lastKnownFileType = file.storyboard; name = Base; path = Base.lproj/Main.storyboard; sourceTree = "<group>"; };
		B8BD1298225ABDD7009435A5 /* Assets.xcassets */ = {isa = PBXFileReference; lastKnownFileType = folder.assetcatalog; path = Assets.xcassets; sourceTree = "<group>"; };
		B8BD129B225ABDD7009435A5 /* Base */ = {isa = PBXFileReference; lastKnownFileType = file.storyboard; name = Base; path = Base.lproj/LaunchScreen.storyboard; sourceTree = "<group>"; };
		B8BD129D225ABDD7009435A5 /* Info.plist */ = {isa = PBXFileReference; lastKnownFileType = text.plist.xml; path = Info.plist; sourceTree = "<group>"; };
		B8CDFC422325626A000C4103 /* MenuTableViewCell.swift */ = {isa = PBXFileReference; lastKnownFileType = sourcecode.swift; path = MenuTableViewCell.swift; sourceTree = "<group>"; };
/* End PBXFileReference section */

/* Begin PBXFrameworksBuildPhase section */
		B8BD128B225ABDD6009435A5 /* Frameworks */ = {
			isa = PBXFrameworksBuildPhase;
			buildActionMask = 2147483647;
			files = (
			);
			runOnlyForDeploymentPostprocessing = 0;
		};
/* End PBXFrameworksBuildPhase section */

/* Begin PBXGroup section */
		B852C96023108B6600E89583 /* Model */ = {
			isa = PBXGroup;
			children = (
				B8B853632311CD590062CF91 /* Models.swift */,
			);
			path = Model;
			sourceTree = "<group>";
		};
		B852C96123108B7800E89583 /* View */ = {
			isa = PBXGroup;
			children = (
				B8CDFC422325626A000C4103 /* MenuTableViewCell.swift */,
			);
			path = View;
			sourceTree = "<group>";
		};
		B852C96223108B7E00E89583 /* Controller */ = {
			isa = PBXGroup;
			children = (
				B852C96323108B8D00E89583 /* HomeController.swift */,
				B852C96523108BA300E89583 /* MenuController.swift */,
				B852C96723108C5800E89583 /* ContainerController.swift */,
			);
			path = Controller;
			sourceTree = "<group>";
		};
		B852C9692310FFE200E89583 /* Utils */ = {
			isa = PBXGroup;
			children = (
				B8B8535F2311CC670062CF91 /* UIView+Layout.swift */,
				B852C96A2310FFF900E89583 /* Protocols.swift */,
				B8B853612311CC6C0062CF91 /* Extensions.swift */,
			);
			path = Utils;
			sourceTree = "<group>";
		};
		B8BD1285225ABDD6009435A5 = {
			isa = PBXGroup;
			children = (
				B8BD1290225ABDD6009435A5 /* Twitter */,
				B8BD128F225ABDD6009435A5 /* Products */,
			);
			sourceTree = "<group>";
		};
		B8BD128F225ABDD6009435A5 /* Products */ = {
			isa = PBXGroup;
			children = (
				B8BD128E225ABDD6009435A5 /* Twitter.app */,
			);
			name = Products;
			sourceTree = "<group>";
		};
		B8BD1290225ABDD6009435A5 /* Twitter */ = {
			isa = PBXGroup;
			children = (
				B852C9692310FFE200E89583 /* Utils */,
				B852C96223108B7E00E89583 /* Controller */,
				B852C96123108B7800E89583 /* View */,
				B852C96023108B6600E89583 /* Model */,
				B8BD1291225ABDD6009435A5 /* AppDelegate.swift */,
				B8BD1295225ABDD6009435A5 /* Main.storyboard */,
				B8BD1298225ABDD7009435A5 /* Assets.xcassets */,
				B8BD129A225ABDD7009435A5 /* LaunchScreen.storyboard */,
				B8BD129D225ABDD7009435A5 /* Info.plist */,
			);
			path = Twitter;
			sourceTree = "<group>";
		};
/* End PBXGroup section */

/* Begin PBXNativeTarget section */
		B8BD128D225ABDD6009435A5 /* Twitter */ = {
			isa = PBXNativeTarget;
			buildConfigurationList = B8BD12A0225ABDD7009435A5 /* Build configuration list for PBXNativeTarget "Twitter" */;
			buildPhases = (
				B8BD128A225ABDD6009435A5 /* Sources */,
				B8BD128B225ABDD6009435A5 /* Frameworks */,
				B8BD128C225ABDD6009435A5 /* Resources */,
			);
			buildRules = (
			);
			dependencies = (
			);
			name = Twitter;
			productName = Twitter;
			productReference = B8BD128E225ABDD6009435A5 /* Twitter.app */;
			productType = "com.apple.product-type.application";
		};
/* End PBXNativeTarget section */

/* Begin PBXProject section */
		B8BD1286225ABDD6009435A5 /* Project object */ = {
			isa = PBXProject;
			attributes = {
				LastSwiftUpdateCheck = 1010;
				LastUpgradeCheck = 1010;
				ORGANIZATIONNAME = "Medi Assumani";
				TargetAttributes = {
					B8BD128D225ABDD6009435A5 = {
						CreatedOnToolsVersion = 10.1;
					};
				};
			};
			buildConfigurationList = B8BD1289225ABDD6009435A5 /* Build configuration list for PBXProject "Twitter" */;
			compatibilityVersion = "Xcode 9.3";
			developmentRegion = en;
			hasScannedForEncodings = 0;
			knownRegions = (
				en,
				Base,
			);
			mainGroup = B8BD1285225ABDD6009435A5;
			productRefGroup = B8BD128F225ABDD6009435A5 /* Products */;
			projectDirPath = "";
			projectRoot = "";
			targets = (
				B8BD128D225ABDD6009435A5 /* Twitter */,
			);
		};
/* End PBXProject section */

/* Begin PBXResourcesBuildPhase section */
		B8BD128C225ABDD6009435A5 /* Resources */ = {
			isa = PBXResourcesBuildPhase;
			buildActionMask = 2147483647;
			files = (
				B8BD129C225ABDD7009435A5 /* LaunchScreen.storyboard in Resources */,
				B8BD1299225ABDD7009435A5 /* Assets.xcassets in Resources */,
				B8BD1297225ABDD6009435A5 /* Main.storyboard in Resources */,
			);
			runOnlyForDeploymentPostprocessing = 0;
		};
/* End PBXResourcesBuildPhase section */

/* Begin PBXSourcesBuildPhase section */
		B8BD128A225ABDD6009435A5 /* Sources */ = {
			isa = PBXSourcesBuildPhase;
			buildActionMask = 2147483647;
			files = (
				B852C96B2310FFF900E89583 /* Protocols.swift in Sources */,
				B852C96623108BA300E89583 /* MenuController.swift in Sources */,
				B8B853602311CC670062CF91 /* UIView+Layout.swift in Sources */,
				B8B853642311CD590062CF91 /* Models.swift in Sources */,
				B852C96823108C5800E89583 /* ContainerController.swift in Sources */,
				B8CDFC432325626A000C4103 /* MenuTableViewCell.swift in Sources */,
				B8BD1292225ABDD6009435A5 /* AppDelegate.swift in Sources */,
				B852C96423108B8D00E89583 /* HomeController.swift in Sources */,
				B8B853622311CC6C0062CF91 /* Extensions.swift in Sources */,
			);
			runOnlyForDeploymentPostprocessing = 0;
		};
/* End PBXSourcesBuildPhase section */

/* Begin PBXVariantGroup section */
		B8BD1295225ABDD6009435A5 /* Main.storyboard */ = {
			isa = PBXVariantGroup;
			children = (
				B8BD1296225ABDD6009435A5 /* Base */,
			);
			name = Main.storyboard;
			sourceTree = "<group>";
		};
		B8BD129A225ABDD7009435A5 /* LaunchScreen.storyboard */ = {
			isa = PBXVariantGroup;
			children = (
				B8BD129B225ABDD7009435A5 /* Base */,
			);
			name = LaunchScreen.storyboard;
			sourceTree = "<group>";
		};
/* End PBXVariantGroup section */

/* Begin XCBuildConfiguration section */
		B8BD129E225ABDD7009435A5 /* Debug */ = {
			isa = XCBuildConfiguration;
			buildSettings = {
				ALWAYS_SEARCH_USER_PATHS = NO;
				CLANG_ANALYZER_NONNULL = YES;
				CLANG_ANALYZER_NUMBER_OBJECT_CONVERSION = YES_AGGRESSIVE;
				CLANG_CXX_LANGUAGE_STANDARD = "gnu++14";
				CLANG_CXX_LIBRARY = "libc++";
				CLANG_ENABLE_MODULES = YES;
				CLANG_ENABLE_OBJC_ARC = YES;
				CLANG_ENABLE_OBJC_WEAK = YES;
				CLANG_WARN_BLOCK_CAPTURE_AUTORELEASING = YES;
				CLANG_WARN_BOOL_CONVERSION = YES;
				CLANG_WARN_COMMA = YES;
				CLANG_WARN_CONSTANT_CONVERSION = YES;
				CLANG_WARN_DEPRECATED_OBJC_IMPLEMENTATIONS = YES;
				CLANG_WARN_DIRECT_OBJC_ISA_USAGE = YES_ERROR;
				CLANG_WARN_DOCUMENTATION_COMMENTS = YES;
				CLANG_WARN_EMPTY_BODY = YES;
				CLANG_WARN_ENUM_CONVERSION = YES;
				CLANG_WARN_INFINITE_RECURSION = YES;
				CLANG_WARN_INT_CONVERSION = YES;
				CLANG_WARN_NON_LITERAL_NULL_CONVERSION = YES;
				CLANG_WARN_OBJC_IMPLICIT_RETAIN_SELF = YES;
				CLANG_WARN_OBJC_LITERAL_CONVERSION = YES;
				CLANG_WARN_OBJC_ROOT_CLASS = YES_ERROR;
				CLANG_WARN_RANGE_LOOP_ANALYSIS = YES;
				CLANG_WARN_STRICT_PROTOTYPES = YES;
				CLANG_WARN_SUSPICIOUS_MOVE = YES;
				CLANG_WARN_UNGUARDED_AVAILABILITY = YES_AGGRESSIVE;
				CLANG_WARN_UNREACHABLE_CODE = YES;
				CLANG_WARN__DUPLICATE_METHOD_MATCH = YES;
				CODE_SIGN_IDENTITY = "iPhone Developer";
				COPY_PHASE_STRIP = NO;
				DEBUG_INFORMATION_FORMAT = dwarf;
				ENABLE_STRICT_OBJC_MSGSEND = YES;
				ENABLE_TESTABILITY = YES;
				GCC_C_LANGUAGE_STANDARD = gnu11;
				GCC_DYNAMIC_NO_PIC = NO;
				GCC_NO_COMMON_BLOCKS = YES;
				GCC_OPTIMIZATION_LEVEL = 0;
				GCC_PREPROCESSOR_DEFINITIONS = (
					"DEBUG=1",
					"$(inherited)",
				);
				GCC_WARN_64_TO_32_BIT_CONVERSION = YES;
				GCC_WARN_ABOUT_RETURN_TYPE = YES_ERROR;
				GCC_WARN_UNDECLARED_SELECTOR = YES;
				GCC_WARN_UNINITIALIZED_AUTOS = YES_AGGRESSIVE;
				GCC_WARN_UNUSED_FUNCTION = YES;
				GCC_WARN_UNUSED_VARIABLE = YES;
				IPHONEOS_DEPLOYMENT_TARGET = 12.1;
				MTL_ENABLE_DEBUG_INFO = INCLUDE_SOURCE;
				MTL_FAST_MATH = YES;
				ONLY_ACTIVE_ARCH = YES;
				SDKROOT = iphoneos;
				SWIFT_ACTIVE_COMPILATION_CONDITIONS = DEBUG;
				SWIFT_OPTIMIZATION_LEVEL = "-Onone";
			};
			name = Debug;
		};
		B8BD129F225ABDD7009435A5 /* Release */ = {
			isa = XCBuildConfiguration;
			buildSettings = {
				ALWAYS_SEARCH_USER_PATHS = NO;
				CLANG_ANALYZER_NONNULL = YES;
				CLANG_ANALYZER_NUMBER_OBJECT_CONVERSION = YES_AGGRESSIVE;
				CLANG_CXX_LANGUAGE_STANDARD = "gnu++14";
				CLANG_CXX_LIBRARY = "libc++";
				CLANG_ENABLE_MODULES = YES;
				CLANG_ENABLE_OBJC_ARC = YES;
				CLANG_ENABLE_OBJC_WEAK = YES;
				CLANG_WARN_BLOCK_CAPTURE_AUTORELEASING = YES;
				CLANG_WARN_BOOL_CONVERSION = YES;
				CLANG_WARN_COMMA = YES;
				CLANG_WARN_CONSTANT_CONVERSION = YES;
				CLANG_WARN_DEPRECATED_OBJC_IMPLEMENTATIONS = YES;
				CLANG_WARN_DIRECT_OBJC_ISA_USAGE = YES_ERROR;
				CLANG_WARN_DOCUMENTATION_COMMENTS = YES;
				CLANG_WARN_EMPTY_BODY = YES;
				CLANG_WARN_ENUM_CONVERSION = YES;
				CLANG_WARN_INFINITE_RECURSION = YES;
				CLANG_WARN_INT_CONVERSION = YES;
				CLANG_WARN_NON_LITERAL_NULL_CONVERSION = YES;
				CLANG_WARN_OBJC_IMPLICIT_RETAIN_SELF = YES;
				CLANG_WARN_OBJC_LITERAL_CONVERSION = YES;
				CLANG_WARN_OBJC_ROOT_CLASS = YES_ERROR;
				CLANG_WARN_RANGE_LOOP_ANALYSIS = YES;
				CLANG_WARN_STRICT_PROTOTYPES = YES;
				CLANG_WARN_SUSPICIOUS_MOVE = YES;
				CLANG_WARN_UNGUARDED_AVAILABILITY = YES_AGGRESSIVE;
				CLANG_WARN_UNREACHABLE_CODE = YES;
				CLANG_WARN__DUPLICATE_METHOD_MATCH = YES;
				CODE_SIGN_IDENTITY = "iPhone Developer";
				COPY_PHASE_STRIP = NO;
				DEBUG_INFORMATION_FORMAT = "dwarf-with-dsym";
				ENABLE_NS_ASSERTIONS = NO;
				ENABLE_STRICT_OBJC_MSGSEND = YES;
				GCC_C_LANGUAGE_STANDARD = gnu11;
				GCC_NO_COMMON_BLOCKS = YES;
				GCC_WARN_64_TO_32_BIT_CONVERSION = YES;
				GCC_WARN_ABOUT_RETURN_TYPE = YES_ERROR;
				GCC_WARN_UNDECLARED_SELECTOR = YES;
				GCC_WARN_UNINITIALIZED_AUTOS = YES_AGGRESSIVE;
				GCC_WARN_UNUSED_FUNCTION = YES;
				GCC_WARN_UNUSED_VARIABLE = YES;
				IPHONEOS_DEPLOYMENT_TARGET = 12.1;
				MTL_ENABLE_DEBUG_INFO = NO;
				MTL_FAST_MATH = YES;
				SDKROOT = iphoneos;
				SWIFT_COMPILATION_MODE = wholemodule;
				SWIFT_OPTIMIZATION_LEVEL = "-O";
				VALIDATE_PRODUCT = YES;
			};
			name = Release;
		};
		B8BD12A1225ABDD7009435A5 /* Debug */ = {
			isa = XCBuildConfiguration;
			buildSettings = {
				ASSETCATALOG_COMPILER_APPICON_NAME = AppIcon;
				CODE_SIGN_STYLE = Automatic;
				DEVELOPMENT_TEAM = 966X5T4Q98;
				INFOPLIST_FILE = Twitter/Info.plist;
				LD_RUNPATH_SEARCH_PATHS = (
					"$(inherited)",
					"@executable_path/Frameworks",
				);
				PRODUCT_BUNDLE_IDENTIFIER = mediassumani.Twitter;
				PRODUCT_NAME = "$(TARGET_NAME)";
				SWIFT_VERSION = 4.2;
				TARGETED_DEVICE_FAMILY = "1,2";
			};
			name = Debug;
		};
		B8BD12A2225ABDD7009435A5 /* Release */ = {
			isa = XCBuildConfiguration;
			buildSettings = {
				ASSETCATALOG_COMPILER_APPICON_NAME = AppIcon;
				CODE_SIGN_STYLE = Automatic;
				DEVELOPMENT_TEAM = 966X5T4Q98;
				INFOPLIST_FILE = Twitter/Info.plist;
				LD_RUNPATH_SEARCH_PATHS = (
					"$(inherited)",
					"@executable_path/Frameworks",
				);
				PRODUCT_BUNDLE_IDENTIFIER = mediassumani.Twitter;
				PRODUCT_NAME = "$(TARGET_NAME)";
				SWIFT_VERSION = 4.2;
				TARGETED_DEVICE_FAMILY = "1,2";
			};
			name = Release;
		};
/* End XCBuildConfiguration section */

/* Begin XCConfigurationList section */
		B8BD1289225ABDD6009435A5 /* Build configuration list for PBXProject "Twitter" */ = {
			isa = XCConfigurationList;
			buildConfigurations = (
				B8BD129E225ABDD7009435A5 /* Debug */,
				B8BD129F225ABDD7009435A5 /* Release */,
			);
			defaultConfigurationIsVisible = 0;
			defaultConfigurationName = Release;
		};
		B8BD12A0225ABDD7009435A5 /* Build configuration list for PBXNativeTarget "Twitter" */ = {
			isa = XCConfigurationList;
			buildConfigurations = (
				B8BD12A1225ABDD7009435A5 /* Debug */,
				B8BD12A2225ABDD7009435A5 /* Release */,
			);
			defaultConfigurationIsVisible = 0;
			defaultConfigurationName = Release;
		};
/* End XCConfigurationList section */
	};
	rootObject = B8BD1286225ABDD6009435A5 /* Project object */;
}
